
Microsoft Visual Studio Solution File, Format Version 12.00
# Visual Studio 15
VisualStudioVersion = 15.0.28307.1738
MinimumVisualStudioVersion = 10.0.40219.1
Project("{8BC9CEB8-8B4A-11D0-8D11-00A0C91BC942}") = "p30", "p30\p30.vcxproj", "{AEB9F9BB-CF0B-4688-9AB5-28F4AEFC529A}"
EndProject
Global
	GlobalSection(SolutionConfigurationPlatforms) = preSolution
		Debug|x64 = Debug|x64
		Debug|x86 = Debug|x86
		Release|x64 = Release|x64
		Release|x86 = Release|x86
	EndGlobalSection
	GlobalSection(ProjectConfigurationPlatforms) = postSolution
		{AEB9F9BB-CF0B-4688-9AB5-28F4AEFC529A}.Debug|x64.ActiveCfg = Debug|x64
		{AEB9F9BB-CF0B-4688-9AB5-28F4AEFC529A}.Debug|x64.Build.0 = Debug|x64
		{AEB9F9BB-CF0B-4688-9AB5-28F4AEFC529A}.Debug|x86.ActiveCfg = Debug|Win32
		{AEB9F9BB-CF0B-4688-9AB5-28F4AEFC529A}.Debug|x86.Build.0 = Debug|Win32
		{AEB9F9BB-CF0B-4688-9AB5-28F4AEFC529A}.Release|x64.ActiveCfg = Release|x64
		{AEB9F9BB-CF0B-4688-9AB5-28F4AEFC529A}.Release|x64.Build.0 = Release|x64
		{AEB9F9BB-CF0B-4688-9AB5-28F4AEFC529A}.Release|x86.ActiveCfg = Release|Win32
		{AEB9F9BB-CF0B-4688-9AB5-28F4AEFC529A}.Release|x86.Build.0 = Release|Win32
	EndGlobalSection
	GlobalSection(SolutionProperties) = preSolution
		HideSolutionNode = FALSE
	EndGlobalSection
	GlobalSection(ExtensibilityGlobals) = postSolution
		SolutionGuid = {98761FDF-0944-475E-A37B-293347DC94E9}
	EndGlobalSection
EndGlobal
